
Microsoft Visual Studio Solution File, Format Version 12.00
# Visual Studio Version 17
VisualStudioVersion = 17.3.32825.248
MinimumVisualStudioVersion = 10.0.40219.1
Project("{9A19103F-16F7-4668-BE54-9A1E7A4F7556}") = "DesafioSbCreditoAPI", "DesafioSbCreditoAPI.csproj", "{C64737F0-8700-4298-A286-1BDF3DF117CE}"
EndProject
Project("{FAE04EC0-301F-11D3-BF4B-00C04F79EFBC}") = "DesafioSbCreditoAPI.Tests", "..\DesafioSbCreditoAPI.Tests\DesafioSbCreditoAPI.Tests.csproj", "{D6444961-7B2F-4013-9ECF-164605FFD62D}"
EndProject
Global
	GlobalSection(SolutionConfigurationPlatforms) = preSolution
		Debug|Any CPU = Debug|Any CPU
		Release|Any CPU = Release|Any CPU
	EndGlobalSection
	GlobalSection(ProjectConfigurationPlatforms) = postSolution
		{C64737F0-8700-4298-A286-1BDF3DF117CE}.Debug|Any CPU.ActiveCfg = Debug|Any CPU
		{C64737F0-8700-4298-A286-1BDF3DF117CE}.Debug|Any CPU.Build.0 = Debug|Any CPU
		{C64737F0-8700-4298-A286-1BDF3DF117CE}.Release|Any CPU.ActiveCfg = Release|Any CPU
		{C64737F0-8700-4298-A286-1BDF3DF117CE}.Release|Any CPU.Build.0 = Release|Any CPU
		{D6444961-7B2F-4013-9ECF-164605FFD62D}.Debug|Any CPU.ActiveCfg = Debug|Any CPU
		{D6444961-7B2F-4013-9ECF-164605FFD62D}.Debug|Any CPU.Build.0 = Debug|Any CPU
		{D6444961-7B2F-4013-9ECF-164605FFD62D}.Release|Any CPU.ActiveCfg = Release|Any CPU
		{D6444961-7B2F-4013-9ECF-164605FFD62D}.Release|Any CPU.Build.0 = Release|Any CPU
	EndGlobalSection
	GlobalSection(SolutionProperties) = preSolution
		HideSolutionNode = FALSE
	EndGlobalSection
	GlobalSection(ExtensibilityGlobals) = postSolution
		SolutionGuid = {2BCBF1FB-4308-4501-AA39-1FF1C1E701C0}
	EndGlobalSection
EndGlobal
